
Microsoft Visual Studio Solution File, Format Version 12.00
# Visual Studio Version 16
VisualStudioVersion = 16.0.29613.14
MinimumVisualStudioVersion = 10.0.40219.1
Project("{00D1A9C2-B5F0-4AF3-8072-F6C62B433612}") = "AstronomyDataBase", "AstronomyDataBase\AstronomyDataBase.sqlproj", "{5033F5AC-B61C-437F-999B-1CDBB2A737B5}"
EndProject
Project("{FAE04EC0-301F-11D3-BF4B-00C04F79EFBC}") = "AstronomyCalendar", "AstronomyCalendar\AstronomyCalendar.csproj", "{002E54F8-ADBD-441F-884F-96EBED1B0090}"
EndProject
Global
	GlobalSection(SolutionConfigurationPlatforms) = preSolution
		Debug|Any CPU = Debug|Any CPU
		Release|Any CPU = Release|Any CPU
	EndGlobalSection
	GlobalSection(ProjectConfigurationPlatforms) = postSolution
		{5033F5AC-B61C-437F-999B-1CDBB2A737B5}.Debug|Any CPU.ActiveCfg = Debug|Any CPU
		{5033F5AC-B61C-437F-999B-1CDBB2A737B5}.Debug|Any CPU.Build.0 = Debug|Any CPU
		{5033F5AC-B61C-437F-999B-1CDBB2A737B5}.Debug|Any CPU.Deploy.0 = Debug|Any CPU
		{5033F5AC-B61C-437F-999B-1CDBB2A737B5}.Release|Any CPU.ActiveCfg = Release|Any CPU
		{5033F5AC-B61C-437F-999B-1CDBB2A737B5}.Release|Any CPU.Build.0 = Release|Any CPU
		{5033F5AC-B61C-437F-999B-1CDBB2A737B5}.Release|Any CPU.Deploy.0 = Release|Any CPU
		{002E54F8-ADBD-441F-884F-96EBED1B0090}.Debug|Any CPU.ActiveCfg = Debug|Any CPU
		{002E54F8-ADBD-441F-884F-96EBED1B0090}.Debug|Any CPU.Build.0 = Debug|Any CPU
		{002E54F8-ADBD-441F-884F-96EBED1B0090}.Release|Any CPU.ActiveCfg = Release|Any CPU
		{002E54F8-ADBD-441F-884F-96EBED1B0090}.Release|Any CPU.Build.0 = Release|Any CPU
	EndGlobalSection
	GlobalSection(SolutionProperties) = preSolution
		HideSolutionNode = FALSE
	EndGlobalSection
	GlobalSection(ExtensibilityGlobals) = postSolution
		SolutionGuid = {ED285A1F-57D7-4FDA-A66A-C022B8E19C3D}
	EndGlobalSection
EndGlobal
